
Microsoft Visual Studio Solution File, Format Version 12.00
# Visual Studio 15
VisualStudioVersion = 15.0.26730.3
MinimumVisualStudioVersion = 10.0.40219.1
Project("{FAE04EC0-301F-11D3-BF4B-00C04F79EFBC}") = "JavascriptTest", "JavascriptTest\JavascriptTest.csproj", "{8023BE99-8CC2-4AC4-94C0-8476B32BA3A3}"
EndProject
Global
	GlobalSection(SolutionConfigurationPlatforms) = preSolution
		Debug|Any CPU = Debug|Any CPU
		Release|Any CPU = Release|Any CPU
	EndGlobalSection
	GlobalSection(ProjectConfigurationPlatforms) = postSolution
		{8023BE99-8CC2-4AC4-94C0-8476B32BA3A3}.Debug|Any CPU.ActiveCfg = Debug|Any CPU
		{8023BE99-8CC2-4AC4-94C0-8476B32BA3A3}.Debug|Any CPU.Build.0 = Debug|Any CPU
		{8023BE99-8CC2-4AC4-94C0-8476B32BA3A3}.Release|Any CPU.ActiveCfg = Release|Any CPU
		{8023BE99-8CC2-4AC4-94C0-8476B32BA3A3}.Release|Any CPU.Build.0 = Release|Any CPU
	EndGlobalSection
	GlobalSection(SolutionProperties) = preSolution
		HideSolutionNode = FALSE
	EndGlobalSection
	GlobalSection(ExtensibilityGlobals) = postSolution
		SolutionGuid = {BAD70920-A2BB-4E9C-815F-BE05DEFFE071}
	EndGlobalSection
EndGlobal
